
Microsoft Visual Studio Solution File, Format Version 12.00
# Visual Studio Version 17
VisualStudioVersion = 17.4.33103.184
MinimumVisualStudioVersion = 10.0.40219.1
Project("{FAE04EC0-301F-11D3-BF4B-00C04F79EFBC}") = "TwoWorldProject", "TwoWorldProject\TwoWorldProject.csproj", "{2F4DEFE9-98C6-466B-A5E7-335625A76655}"
EndProject
Global
	GlobalSection(SolutionConfigurationPlatforms) = preSolution
		Debug|Any CPU = Debug|Any CPU
		Release|Any CPU = Release|Any CPU
	EndGlobalSection
	GlobalSection(ProjectConfigurationPlatforms) = postSolution
		{2F4DEFE9-98C6-466B-A5E7-335625A76655}.Debug|Any CPU.ActiveCfg = Debug|Any CPU
		{2F4DEFE9-98C6-466B-A5E7-335625A76655}.Debug|Any CPU.Build.0 = Debug|Any CPU
		{2F4DEFE9-98C6-466B-A5E7-335625A76655}.Release|Any CPU.ActiveCfg = Release|Any CPU
		{2F4DEFE9-98C6-466B-A5E7-335625A76655}.Release|Any CPU.Build.0 = Release|Any CPU
	EndGlobalSection
	GlobalSection(SolutionProperties) = preSolution
		HideSolutionNode = FALSE
	EndGlobalSection
	GlobalSection(ExtensibilityGlobals) = postSolution
		SolutionGuid = {6685C2DF-7B4D-461C-A312-07650D1BBF42}
	EndGlobalSection
EndGlobal
